
Microsoft Visual Studio Solution File, Format Version 12.00
# Visual Studio 14
VisualStudioVersion = 14.0.24720.0
MinimumVisualStudioVersion = 10.0.40219.1
Project("{FAE04EC0-301F-11D3-BF4B-00C04F79EFBC}") = "CengFeng_API", "CengFeng_API\CengFeng_API.csproj", "{8811BC19-201C-4487-A264-C6704D245010}"
EndProject
Project("{FAE04EC0-301F-11D3-BF4B-00C04F79EFBC}") = "CengFeng_DBUtility", "CengFeng_DBUtility\CengFeng_DBUtility.csproj", "{43C1A94D-E5DA-4E4B-9138-43FC0A66BB1F}"
EndProject
Project("{FAE04EC0-301F-11D3-BF4B-00C04F79EFBC}") = "CengFeng_BLL", "CengFeng_BLL\CengFeng_BLL.csproj", "{E63BFA73-B970-4430-B4A5-5956CD05A14D}"
EndProject
Project("{FAE04EC0-301F-11D3-BF4B-00C04F79EFBC}") = "CengFeng_Model", "CengFeng_Model\CengFeng_Model.csproj", "{C14A9B84-9C8F-45BC-AC8E-7B3E10D3027E}"
EndProject
Project("{FAE04EC0-301F-11D3-BF4B-00C04F79EFBC}") = "CengFeng_WebUI", "CengFeng_WebUI\CengFeng_WebUI.csproj", "{141F11A4-DE37-4D38-BD1A-B2009CFED29E}"
EndProject
Global
	GlobalSection(SolutionConfigurationPlatforms) = preSolution
		Debug|Any CPU = Debug|Any CPU
		Release|Any CPU = Release|Any CPU
	EndGlobalSection
	GlobalSection(ProjectConfigurationPlatforms) = postSolution
		{8811BC19-201C-4487-A264-C6704D245010}.Debug|Any CPU.ActiveCfg = Debug|Any CPU
		{8811BC19-201C-4487-A264-C6704D245010}.Debug|Any CPU.Build.0 = Debug|Any CPU
		{8811BC19-201C-4487-A264-C6704D245010}.Release|Any CPU.ActiveCfg = Release|Any CPU
		{8811BC19-201C-4487-A264-C6704D245010}.Release|Any CPU.Build.0 = Release|Any CPU
		{43C1A94D-E5DA-4E4B-9138-43FC0A66BB1F}.Debug|Any CPU.ActiveCfg = Debug|Any CPU
		{43C1A94D-E5DA-4E4B-9138-43FC0A66BB1F}.Debug|Any CPU.Build.0 = Debug|Any CPU
		{43C1A94D-E5DA-4E4B-9138-43FC0A66BB1F}.Release|Any CPU.ActiveCfg = Release|Any CPU
		{43C1A94D-E5DA-4E4B-9138-43FC0A66BB1F}.Release|Any CPU.Build.0 = Release|Any CPU
		{E63BFA73-B970-4430-B4A5-5956CD05A14D}.Debug|Any CPU.ActiveCfg = Debug|Any CPU
		{E63BFA73-B970-4430-B4A5-5956CD05A14D}.Debug|Any CPU.Build.0 = Debug|Any CPU
		{E63BFA73-B970-4430-B4A5-5956CD05A14D}.Release|Any CPU.ActiveCfg = Release|Any CPU
		{E63BFA73-B970-4430-B4A5-5956CD05A14D}.Release|Any CPU.Build.0 = Release|Any CPU
		{C14A9B84-9C8F-45BC-AC8E-7B3E10D3027E}.Debug|Any CPU.ActiveCfg = Debug|Any CPU
		{C14A9B84-9C8F-45BC-AC8E-7B3E10D3027E}.Debug|Any CPU.Build.0 = Debug|Any CPU
		{C14A9B84-9C8F-45BC-AC8E-7B3E10D3027E}.Release|Any CPU.ActiveCfg = Release|Any CPU
		{C14A9B84-9C8F-45BC-AC8E-7B3E10D3027E}.Release|Any CPU.Build.0 = Release|Any CPU
		{141F11A4-DE37-4D38-BD1A-B2009CFED29E}.Debug|Any CPU.ActiveCfg = Debug|Any CPU
		{141F11A4-DE37-4D38-BD1A-B2009CFED29E}.Debug|Any CPU.Build.0 = Debug|Any CPU
		{141F11A4-DE37-4D38-BD1A-B2009CFED29E}.Release|Any CPU.ActiveCfg = Release|Any CPU
		{141F11A4-DE37-4D38-BD1A-B2009CFED29E}.Release|Any CPU.Build.0 = Release|Any CPU
	EndGlobalSection
	GlobalSection(SolutionProperties) = preSolution
		HideSolutionNode = FALSE
	EndGlobalSection
EndGlobal
